Microsoft Visual Studio Solution File, Format Version 12.00
# Visual Studio Version 17
VisualStudioVersion = 17.5.2.0
MinimumVisualStudioVersion = 10.0.40219.1
Project("{2150E333-8FDC-42A3-9474-1A3956D46DE8}") = "SportsTournamentManager", "SportsTournamentManager", "{027203F4-0B9D-BD71-D21C-18BDAC966E3E}"
EndProject
Project("{FAE04EC0-301F-11D3-BF4B-00C04F79EFBC}") = "cailonma", "SportsTournamentManager\cailonma.csproj", "{B1BB7D7F-7E31-3920-B881-63BA641851CC}"
EndProject
Global
	GlobalSection(SolutionConfigurationPlatforms) = preSolution
		Debug|Any CPU = Debug|Any CPU
		Release|Any CPU = Release|Any CPU
	EndGlobalSection
	GlobalSection(ProjectConfigurationPlatforms) = postSolution
		{B1BB7D7F-7E31-3920-B881-63BA641851CC}.Debug|Any CPU.ActiveCfg = Debug|Any CPU
		{B1BB7D7F-7E31-3920-B881-63BA641851CC}.Debug|Any CPU.Build.0 = Debug|Any CPU
		{B1BB7D7F-7E31-3920-B881-63BA641851CC}.Release|Any CPU.ActiveCfg = Release|Any CPU
		{B1BB7D7F-7E31-3920-B881-63BA641851CC}.Release|Any CPU.Build.0 = Release|Any CPU
	EndGlobalSection
	GlobalSection(SolutionProperties) = preSolution
		HideSolutionNode = FALSE
	EndGlobalSection
	GlobalSection(NestedProjects) = preSolution
		{B1BB7D7F-7E31-3920-B881-63BA641851CC} = {027203F4-0B9D-BD71-D21C-18BDAC966E3E}
	EndGlobalSection
	GlobalSection(ExtensibilityGlobals) = postSolution
		SolutionGuid = {5BE4DF7A-237C-4131-943F-F652E44CC57B}
	EndGlobalSection
EndGlobal
